
Microsoft Visual Studio Solution File, Format Version 12.00
# Visual Studio Version 17
VisualStudioVersion = 17.5.33627.172
MinimumVisualStudioVersion = 10.0.40219.1
Project("{9A19103F-16F7-4668-BE54-9A1E7A4F7556}") = "BugTrackerMVC", "BugTrackerMVC\BugTrackerMVC.csproj", "{F4615D46-52DE-4E93-A3C2-A929B9559323}"
EndProject
Project("{9A19103F-16F7-4668-BE54-9A1E7A4F7556}") = "BugTracker.Data", "BugTracker.Data\BugTracker.Data.csproj", "{5A6637A1-48AB-4406-9DD3-D74E622D4B39}"
EndProject
Project("{9A19103F-16F7-4668-BE54-9A1E7A4F7556}") = "BugTracker.Service", "BugTracker.Service\BugTracker.Service.csproj", "{FAE83446-42D8-4163-8FBF-2AA05ED7783B}"
EndProject
Project("{9A19103F-16F7-4668-BE54-9A1E7A4F7556}") = "BugTracker.Model", "BugTracker.Model\BugTracker.Model.csproj", "{E93ACFBF-EE75-4D6D-A921-E02D78BE7598}"
EndProject
Global
	GlobalSection(SolutionConfigurationPlatforms) = preSolution
		Debug|Any CPU = Debug|Any CPU
		Release|Any CPU = Release|Any CPU
	EndGlobalSection
	GlobalSection(ProjectConfigurationPlatforms) = postSolution
		{F4615D46-52DE-4E93-A3C2-A929B9559323}.Debug|Any CPU.ActiveCfg = Debug|Any CPU
		{F4615D46-52DE-4E93-A3C2-A929B9559323}.Debug|Any CPU.Build.0 = Debug|Any CPU
		{F4615D46-52DE-4E93-A3C2-A929B9559323}.Release|Any CPU.ActiveCfg = Release|Any CPU
		{F4615D46-52DE-4E93-A3C2-A929B9559323}.Release|Any CPU.Build.0 = Release|Any CPU
		{5A6637A1-48AB-4406-9DD3-D74E622D4B39}.Debug|Any CPU.ActiveCfg = Debug|Any CPU
		{5A6637A1-48AB-4406-9DD3-D74E622D4B39}.Debug|Any CPU.Build.0 = Debug|Any CPU
		{5A6637A1-48AB-4406-9DD3-D74E622D4B39}.Release|Any CPU.ActiveCfg = Release|Any CPU
		{5A6637A1-48AB-4406-9DD3-D74E622D4B39}.Release|Any CPU.Build.0 = Release|Any CPU
		{FAE83446-42D8-4163-8FBF-2AA05ED7783B}.Debug|Any CPU.ActiveCfg = Debug|Any CPU
		{FAE83446-42D8-4163-8FBF-2AA05ED7783B}.Debug|Any CPU.Build.0 = Debug|Any CPU
		{FAE83446-42D8-4163-8FBF-2AA05ED7783B}.Release|Any CPU.ActiveCfg = Release|Any CPU
		{FAE83446-42D8-4163-8FBF-2AA05ED7783B}.Release|Any CPU.Build.0 = Release|Any CPU
		{E93ACFBF-EE75-4D6D-A921-E02D78BE7598}.Debug|Any CPU.ActiveCfg = Debug|Any CPU
		{E93ACFBF-EE75-4D6D-A921-E02D78BE7598}.Debug|Any CPU.Build.0 = Debug|Any CPU
		{E93ACFBF-EE75-4D6D-A921-E02D78BE7598}.Release|Any CPU.ActiveCfg = Release|Any CPU
		{E93ACFBF-EE75-4D6D-A921-E02D78BE7598}.Release|Any CPU.Build.0 = Release|Any CPU
	EndGlobalSection
	GlobalSection(SolutionProperties) = preSolution
		HideSolutionNode = FALSE
	EndGlobalSection
	GlobalSection(ExtensibilityGlobals) = postSolution
		SolutionGuid = {A6528D8A-A08A-4E2A-B0B4-079C5A229A5B}
	EndGlobalSection
EndGlobal
